// !$*UTF8*$!
{
	archiveVersion = 1;
	classes = {
	};
	objectVersion = 46;
	objects = {

/* Begin PBXAggregateTarget section */
		854972E61F133A8C00E86E84 /* UtilityHelper-Universal */ = {
			isa = PBXAggregateTarget;
			buildConfigurationList = 854972E71F133A8C00E86E84 /* Build configuration list for PBXAggregateTarget "UtilityHelper-Universal" */;
			buildPhases = (
				854972EA1F133A9200E86E84 /* ShellScript */,
			);
			dependencies = (
			);
			name = "UtilityHelper-Universal";
			productName = "UtilityHelper-Universal";
		};
/* End PBXAggregateTarget section */

/* Begin PBXBuildFile section */
		2804D98B1F1E2524009ED045 /* QueryRequest.swift in Sources */ = {isa = PBXBuildFile; fileRef = 2804D98A1F1E2524009ED045 /* QueryRequest.swift */; };
		2804D98D1F20C522009ED045 /* Comparator.swift in Sources */ = {isa = PBXBuildFile; fileRef = 2804D98C1F20C522009ED045 /* Comparator.swift */; };
		2822436A1F3F0D15005501BE /* CharacterExtension.swift in Sources */ = {isa = PBXBuildFile; fileRef = 282243691F3F0D15005501BE /* CharacterExtension.swift */; };
		2822436C1F3F267E005501BE /* ExecuteTableViewCell.swift in Sources */ = {isa = PBXBuildFile; fileRef = 2822436B1F3F267E005501BE /* ExecuteTableViewCell.swift */; };
		2836E4C41F2442B800815D65 /* GenericTableViewModel.swift in Sources */ = {isa = PBXBuildFile; fileRef = 2836E4C31F2442B800815D65 /* GenericTableViewModel.swift */; };
		2836E4C61F24AB7700815D65 /* Argument.swift in Sources */ = {isa = PBXBuildFile; fileRef = 2836E4C51F24AB7700815D65 /* Argument.swift */; };
		2836E4C81F24AD0600815D65 /* QueryWhereOperators.swift in Sources */ = {isa = PBXBuildFile; fileRef = 2836E4C71F24AD0600815D65 /* QueryWhereOperators.swift */; };
		2836E4CA1F24B6DB00815D65 /* QueryWhere.swift in Sources */ = {isa = PBXBuildFile; fileRef = 2836E4C91F24B6DB00815D65 /* QueryWhere.swift */; };
		2836E4CC1F24BEBC00815D65 /* QueryFetchIn.swift in Sources */ = {isa = PBXBuildFile; fileRef = 2836E4CB1F24BEBC00815D65 /* QueryFetchIn.swift */; };
		2836E4CE1F25E32900815D65 /* TextFieldTableViewCell.swift in Sources */ = {isa = PBXBuildFile; fileRef = 2836E4CD1F25E32900815D65 /* TextFieldTableViewCell.swift */; };
		2836E4D01F25F7B600815D65 /* QueryOperatorTextInput.swift in Sources */ = {isa = PBXBuildFile; fileRef = 2836E4CF1F25F7B600815D65 /* QueryOperatorTextInput.swift */; };
		2836E4D21F275BC600815D65 /* QueryBetweenOperatorTextInput.swift in Sources */ = {isa = PBXBuildFile; fileRef = 2836E4D11F275BC600815D65 /* QueryBetweenOperatorTextInput.swift */; };
		2836E4D41F28A03D00815D65 /* StyleKit.swift in Sources */ = {isa = PBXBuildFile; fileRef = 2836E4D31F28A03D00815D65 /* StyleKit.swift */; };
		28436D871F22C0B300C366E6 /* DatabaseTableJoinSelect.swift in Sources */ = {isa = PBXBuildFile; fileRef = 28436D861F22C0B300C366E6 /* DatabaseTableJoinSelect.swift */; };
		28436D8E1F2311B100C366E6 /* Aggregate.swift in Sources */ = {isa = PBXBuildFile; fileRef = 28436D8D1F2311B100C366E6 /* Aggregate.swift */; };
		28436D901F23144B00C366E6 /* QueryJoinRequestTablePropertySelect.swift in Sources */ = {isa = PBXBuildFile; fileRef = 28436D8F1F23144B00C366E6 /* QueryJoinRequestTablePropertySelect.swift */; };
		28436D921F234E1400C366E6 /* QueryComparator.swift in Sources */ = {isa = PBXBuildFile; fileRef = 28436D911F234E1400C366E6 /* QueryComparator.swift */; };
		28436D941F235ACC00C366E6 /* QueryJoinOnConditions.swift in Sources */ = {isa = PBXBuildFile; fileRef = 28436D931F235ACC00C366E6 /* QueryJoinOnConditions.swift */; };
		284E13CA1F20D28800FB55DC /* OrderBy.swift in Sources */ = {isa = PBXBuildFile; fileRef = 284E13C91F20D28800FB55DC /* OrderBy.swift */; };
		28C307161F20E55D004D9ED9 /* NSMutableAttributedString.swift in Sources */ = {isa = PBXBuildFile; fileRef = 28C307151F20E55D004D9ED9 /* NSMutableAttributedString.swift */; };
		28C307181F217661004D9ED9 /* GenericTableViewController.swift in Sources */ = {isa = PBXBuildFile; fileRef = 28C307171F217661004D9ED9 /* GenericTableViewController.swift */; };
		28C3071A1F217836004D9ED9 /* QueryJoinRequest.swift in Sources */ = {isa = PBXBuildFile; fileRef = 28C307191F217836004D9ED9 /* QueryJoinRequest.swift */; };
		28C3071C1F218B58004D9ED9 /* QueryJoinRequestWithTableOptions.swift in Sources */ = {isa = PBXBuildFile; fileRef = 28C3071B1F218B58004D9ED9 /* QueryJoinRequestWithTableOptions.swift */; };
		28C3071E1F21A143004D9ED9 /* QuerySelect.swift in Sources */ = {isa = PBXBuildFile; fileRef = 28C3071D1F21A143004D9ED9 /* QuerySelect.swift */; };
		28C307201F21C888004D9ED9 /* QueryOrderBy.swift in Sources */ = {isa = PBXBuildFile; fileRef = 28C3071F1F21C888004D9ED9 /* QueryOrderBy.swift */; };
		28EFDDF31F221D4300557145 /* PropertyRelationship.swift in Sources */ = {isa = PBXBuildFile; fileRef = 28EFDDF21F221D4300557145 /* PropertyRelationship.swift */; };
		28EFDDF51F22293200557145 /* DatabaseTableView.swift in Sources */ = {isa = PBXBuildFile; fileRef = 28EFDDF41F22293200557145 /* DatabaseTableView.swift */; };
		28EFDDF71F2233B000557145 /* DatabaseTableSelect.swift in Sources */ = {isa = PBXBuildFile; fileRef = 28EFDDF61F2233B000557145 /* DatabaseTableSelect.swift */; };
		28F8CDD51F2B1D4900325516 /* QueryHaving.swift in Sources */ = {isa = PBXBuildFile; fileRef = 28F8CDD41F2B1D4900325516 /* QueryHaving.swift */; };
		28F8CDD71F2B202C00325516 /* QueryHavingSelect.swift in Sources */ = {isa = PBXBuildFile; fileRef = 28F8CDD61F2B202C00325516 /* QueryHavingSelect.swift */; };
		28F8CDD91F2B4B4F00325516 /* QueryAggregateTextInput.swift in Sources */ = {isa = PBXBuildFile; fileRef = 28F8CDD81F2B4B4F00325516 /* QueryAggregateTextInput.swift */; };
		28F8CDDC1F2C66AE00325516 /* Statement.swift in Sources */ = {isa = PBXBuildFile; fileRef = 28F8CDDB1F2C66AE00325516 /* Statement.swift */; };
		28F8CDDE1F2C6B0B00325516 /* WhereClause.swift in Sources */ = {isa = PBXBuildFile; fileRef = 28F8CDDD1F2C6B0B00325516 /* WhereClause.swift */; };
		28F8CDE01F2CAD7800325516 /* Property.swift in Sources */ = {isa = PBXBuildFile; fileRef = 28F8CDDF1F2CAD7800325516 /* Property.swift */; };
		28F8CDE21F2CADA000325516 /* AliasTable.swift in Sources */ = {isa = PBXBuildFile; fileRef = 28F8CDE11F2CADA000325516 /* AliasTable.swift */; };
		28F8CDE41F2CB7E500325516 /* DatabaseTablesWithCount.swift in Sources */ = {isa = PBXBuildFile; fileRef = 28F8CDE31F2CB7E500325516 /* DatabaseTablesWithCount.swift */; };
		28F8CDE61F2CB80000325516 /* DatabaseTables.swift in Sources */ = {isa = PBXBuildFile; fileRef = 28F8CDE51F2CB80000325516 /* DatabaseTables.swift */; };
		28F8CDE81F2CB82D00325516 /* DatabaseTable.swift in Sources */ = {isa = PBXBuildFile; fileRef = 28F8CDE71F2CB82D00325516 /* DatabaseTable.swift */; };
		28F8CDEA1F2CB85F00325516 /* DatabaseTableProperty.swift in Sources */ = {isa = PBXBuildFile; fileRef = 28F8CDE91F2CB85F00325516 /* DatabaseTableProperty.swift */; };
		28F8CDEC1F2CB87900325516 /* AliasProperty.swift in Sources */ = {isa = PBXBuildFile; fileRef = 28F8CDEB1F2CB87900325516 /* AliasProperty.swift */; };
		28F8CDEE1F2CB89200325516 /* AliasPropertyOrder.swift in Sources */ = {isa = PBXBuildFile; fileRef = 28F8CDED1F2CB89200325516 /* AliasPropertyOrder.swift */; };
		28F8CDF01F2CB8B000325516 /* DatabaseAliasTable.swift in Sources */ = {isa = PBXBuildFile; fileRef = 28F8CDEF1F2CB8B000325516 /* DatabaseAliasTable.swift */; };
		28F8CDF21F2CB8CA00325516 /* DatabaseAliasTableWithProperties.swift in Sources */ = {isa = PBXBuildFile; fileRef = 28F8CDF11F2CB8CA00325516 /* DatabaseAliasTableWithProperties.swift */; };
		28F8CDF41F2CB8DE00325516 /* DatabaseAliasTableWithPropertiesRelationships.swift in Sources */ = {isa = PBXBuildFile; fileRef = 28F8CDF31F2CB8DE00325516 /* DatabaseAliasTableWithPropertiesRelationships.swift */; };
		28F8CDF61F2CB8F600325516 /* JoinWithDatabaseAliasTable.swift in Sources */ = {isa = PBXBuildFile; fileRef = 28F8CDF51F2CB8F600325516 /* JoinWithDatabaseAliasTable.swift */; };
		28F8CDF81F2CB91000325516 /* JoinByDatabaseAlias.swift in Sources */ = {isa = PBXBuildFile; fileRef = 28F8CDF71F2CB91000325516 /* JoinByDatabaseAlias.swift */; };
		28F8CDFA1F2DC01E00325516 /* QueryWhereInitiate.swift in Sources */ = {isa = PBXBuildFile; fileRef = 28F8CDF91F2DC01E00325516 /* QueryWhereInitiate.swift */; };
		28F8CDFC1F2DC28700325516 /* WhereOptions.swift in Sources */ = {isa = PBXBuildFile; fileRef = 28F8CDFB1F2DC28700325516 /* WhereOptions.swift */; };
		85038BB21F2FEFA100414C14 /* AttributeCategory.swift in Sources */ = {isa = PBXBuildFile; fileRef = 85038BB11F2FEFA100414C14 /* AttributeCategory.swift */; };
		850C38071F1C52BD00F2D116 /* CollectionExtension.swift in Sources */ = {isa = PBXBuildFile; fileRef = 850C38031F1C52BD00F2D116 /* CollectionExtension.swift */; };
		850C38081F1C52BD00F2D116 /* StringExtension.swift in Sources */ = {isa = PBXBuildFile; fileRef = 850C38041F1C52BD00F2D116 /* StringExtension.swift */; };
		850C38091F1C52BD00F2D116 /* UICollectionViewLayoutAttributesExtension.swift in Sources */ = {isa = PBXBuildFile; fileRef = 850C38051F1C52BD00F2D116 /* UICollectionViewLayoutAttributesExtension.swift */; };
		850C380A1F1C52BD00F2D116 /* UIColorExtension.swift in Sources */ = {isa = PBXBuildFile; fileRef = 850C38061F1C52BD00F2D116 /* UIColorExtension.swift */; };
		850C380C1F1C52DC00F2D116 /* DatabaseViewer.storyboard in Resources */ = {isa = PBXBuildFile; fileRef = 850C380B1F1C52DC00F2D116 /* DatabaseViewer.storyboard */; };
		850C38111F1C632800F2D116 /* DuplexCollectionViewLayout.swift in Sources */ = {isa = PBXBuildFile; fileRef = 850C38101F1C632800F2D116 /* DuplexCollectionViewLayout.swift */; };
		850C38141F1C638800F2D116 /* DisplayResult.swift in Sources */ = {isa = PBXBuildFile; fileRef = 850C38131F1C638800F2D116 /* DisplayResult.swift */; };
		850C38161F1C63AD00F2D116 /* DatabaseResultCollectionViewCell.swift in Sources */ = {isa = PBXBuildFile; fileRef = 850C38151F1C63AD00F2D116 /* DatabaseResultCollectionViewCell.swift */; };
		850C38181F1C63CC00F2D116 /* DatabaseResultViewController.swift in Sources */ = {isa = PBXBuildFile; fileRef = 850C38171F1C63CC00F2D116 /* DatabaseResultViewController.swift */; };
		850C381A1F1C63F700F2D116 /* FetchResult.swift in Sources */ = {isa = PBXBuildFile; fileRef = 850C38191F1C63F700F2D116 /* FetchResult.swift */; };
		850C381E1F1C724800F2D116 /* NSAttributeTypeExtension.swift in Sources */ = {isa = PBXBuildFile; fileRef = 850C381D1F1C724700F2D116 /* NSAttributeTypeExtension.swift */; };
		850C38201F1C7EC500F2D116 /* NSManagedObjectContextExtension.swift in Sources */ = {isa = PBXBuildFile; fileRef = 850C381F1F1C7EC500F2D116 /* NSManagedObjectContextExtension.swift */; };
		850C38271F1D655700F2D116 /* Join.swift in Sources */ = {isa = PBXBuildFile; fileRef = 850C38261F1D655700F2D116 /* Join.swift */; };
		850C38291F1D753A00F2D116 /* QueryAction.swift in Sources */ = {isa = PBXBuildFile; fileRef = 850C38281F1D753A00F2D116 /* QueryAction.swift */; };
		850C382B1F1D7AE800F2D116 /* UINavigationController.swift in Sources */ = {isa = PBXBuildFile; fileRef = 850C382A1F1D7AE800F2D116 /* UINavigationController.swift */; };
		854972E01F1338C100E86E84 /* UtilityHelper.h in Headers */ = {isa = PBXBuildFile; fileRef = 854972DE1F1338C100E86E84 /* UtilityHelper.h */; settings = {ATTRIBUTES = (Public, ); }; };
		85599E2E1F1C45170024FA39 /* DatabaseManager.swift in Sources */ = {isa = PBXBuildFile; fileRef = 85599E2D1F1C45170024FA39 /* DatabaseManager.swift */; };
		85599E301F1C45430024FA39 /* Table.swift in Sources */ = {isa = PBXBuildFile; fileRef = 85599E2F1F1C45420024FA39 /* Table.swift */; };
		85E70F7D1F1EF34300F30771 /* UIViewExtension.swift in Sources */ = {isa = PBXBuildFile; fileRef = 85E70F7C1F1EF34300F30771 /* UIViewExtension.swift */; };
		85E70F811F1EF7F800F30771 /* SemiModalPresentationController.swift in Sources */ = {isa = PBXBuildFile; fileRef = 85E70F801F1EF7F800F30771 /* SemiModalPresentationController.swift */; };
		85E70F831F1F1F1400F30771 /* SemiModalTransistioningDelagate.swift in Sources */ = {isa = PBXBuildFile; fileRef = 85E70F821F1F1F1400F30771 /* SemiModalTransistioningDelagate.swift */; };
		85E70F851F1F200100F30771 /* SemiModalTransitionAnimator.swift in Sources */ = {isa = PBXBuildFile; fileRef = 85E70F841F1F200100F30771 /* SemiModalTransitionAnimator.swift */; };
/* End PBXBuildFile section */

/* Begin PBXFileReference section */
		2804D98A1F1E2524009ED045 /* QueryRequest.swift */ = {isa = PBXFileReference; fileEncoding = 4; lastKnownFileType = sourcecode.swift; path = QueryRequest.swift; sourceTree = "<group>"; };
		2804D98C1F20C522009ED045 /* Comparator.swift */ = {isa = PBXFileReference; fileEncoding = 4; lastKnownFileType = sourcecode.swift; path = Comparator.swift; sourceTree = "<group>"; };
		282243691F3F0D15005501BE /* CharacterExtension.swift */ = {isa = PBXFileReference; fileEncoding = 4; lastKnownFileType = sourcecode.swift; path = CharacterExtension.swift; sourceTree = "<group>"; };
		2822436B1F3F267E005501BE /* ExecuteTableViewCell.swift */ = {isa = PBXFileReference; fileEncoding = 4; lastKnownFileType = sourcecode.swift; path = ExecuteTableViewCell.swift; sourceTree = "<group>"; };
		2836E4C31F2442B800815D65 /* GenericTableViewModel.swift */ = {isa = PBXFileReference; fileEncoding = 4; lastKnownFileType = sourcecode.swift; path = GenericTableViewModel.swift; sourceTree = "<group>"; };
		2836E4C51F24AB7700815D65 /* Argument.swift */ = {isa = PBXFileReference; fileEncoding = 4; lastKnownFileType = sourcecode.swift; path = Argument.swift; sourceTree = "<group>"; };
		2836E4C71F24AD0600815D65 /* QueryWhereOperators.swift */ = {isa = PBXFileReference; fileEncoding = 4; lastKnownFileType = sourcecode.swift; path = QueryWhereOperators.swift; sourceTree = "<group>"; };
		2836E4C91F24B6DB00815D65 /* QueryWhere.swift */ = {isa = PBXFileReference; fileEncoding = 4; lastKnownFileType = sourcecode.swift; path = QueryWhere.swift; sourceTree = "<group>"; };
		2836E4CB1F24BEBC00815D65 /* QueryFetchIn.swift */ = {isa = PBXFileReference; fileEncoding = 4; lastKnownFileType = sourcecode.swift; path = QueryFetchIn.swift; sourceTree = "<group>"; };
		2836E4CD1F25E32900815D65 /* TextFieldTableViewCell.swift */ = {isa = PBXFileReference; fileEncoding = 4; lastKnownFileType = sourcecode.swift; path = TextFieldTableViewCell.swift; sourceTree = "<group>"; };
		2836E4CF1F25F7B600815D65 /* QueryOperatorTextInput.swift */ = {isa = PBXFileReference; fileEncoding = 4; lastKnownFileType = sourcecode.swift; path = QueryOperatorTextInput.swift; sourceTree = "<group>"; };
		2836E4D11F275BC600815D65 /* QueryBetweenOperatorTextInput.swift */ = {isa = PBXFileReference; fileEncoding = 4; lastKnownFileType = sourcecode.swift; path = QueryBetweenOperatorTextInput.swift; sourceTree = "<group>"; };
		2836E4D31F28A03D00815D65 /* StyleKit.swift */ = {isa = PBXFileReference; fileEncoding = 4; lastKnownFileType = sourcecode.swift; path = StyleKit.swift; sourceTree = "<group>"; };
		28436D861F22C0B300C366E6 /* DatabaseTableJoinSelect.swift */ = {isa = PBXFileReference; fileEncoding = 4; lastKnownFileType = sourcecode.swift; path = DatabaseTableJoinSelect.swift; sourceTree = "<group>"; };
		28436D8D1F2311B100C366E6 /* Aggregate.swift */ = {isa = PBXFileReference; fileEncoding = 4; lastKnownFileType = sourcecode.swift; path = Aggregate.swift; sourceTree = "<group>"; };
		28436D8F1F23144B00C366E6 /* QueryJoinRequestTablePropertySelect.swift */ = {isa = PBXFileReference; fileEncoding = 4; lastKnownFileType = sourcecode.swift; path = QueryJoinRequestTablePropertySelect.swift; sourceTree = "<group>"; };
		28436D911F234E1400C366E6 /* QueryComparator.swift */ = {isa = PBXFileReference; fileEncoding = 4; lastKnownFileType = sourcecode.swift; path = QueryComparator.swift; sourceTree = "<group>"; };
		28436D931F235ACC00C366E6 /* QueryJoinOnConditions.swift */ = {isa = PBXFileReference; fileEncoding = 4; lastKnownFileType = sourcecode.swift; path = QueryJoinOnConditions.swift; sourceTree = "<group>"; };
		284E13C91F20D28800FB55DC /* OrderBy.swift */ = {isa = PBXFileReference; fileEncoding = 4; lastKnownFileType = sourcecode.swift; path = OrderBy.swift; sourceTree = "<group>"; };
		28C307151F20E55D004D9ED9 /* NSMutableAttributedString.swift */ = {isa = PBXFileReference; fileEncoding = 4; lastKnownFileType = sourcecode.swift; path = NSMutableAttributedString.swift; sourceTree = "<group>"; };
		28C307171F217661004D9ED9 /* GenericTableViewController.swift */ = {isa = PBXFileReference; fileEncoding = 4; lastKnownFileType = sourcecode.swift; path = GenericTableViewController.swift; sourceTree = "<group>"; };
		28C307191F217836004D9ED9 /* QueryJoinRequest.swift */ = {isa = PBXFileReference; fileEncoding = 4; lastKnownFileType = sourcecode.swift; path = QueryJoinRequest.swift; sourceTree = "<group>"; };
		28C3071B1F218B58004D9ED9 /* QueryJoinRequestWithTableOptions.swift */ = {isa = PBXFileReference; fileEncoding = 4; lastKnownFileType = sourcecode.swift; path = QueryJoinRequestWithTableOptions.swift; sourceTree = "<group>"; };
		28C3071D1F21A143004D9ED9 /* QuerySelect.swift */ = {isa = PBXFileReference; fileEncoding = 4; lastKnownFileType = sourcecode.swift; path = QuerySelect.swift; sourceTree = "<group>"; };
		28C3071F1F21C888004D9ED9 /* QueryOrderBy.swift */ = {isa = PBXFileReference; fileEncoding = 4; lastKnownFileType = sourcecode.swift; path = QueryOrderBy.swift; sourceTree = "<group>"; };
		28EFDDF21F221D4300557145 /* PropertyRelationship.swift */ = {isa = PBXFileReference; fileEncoding = 4; lastKnownFileType = sourcecode.swift; path = PropertyRelationship.swift; sourceTree = "<group>"; };
		28EFDDF41F22293200557145 /* DatabaseTableView.swift */ = {isa = PBXFileReference; fileEncoding = 4; lastKnownFileType = sourcecode.swift; path = DatabaseTableView.swift; sourceTree = "<group>"; };
		28EFDDF61F2233B000557145 /* DatabaseTableSelect.swift */ = {isa = PBXFileReference; fileEncoding = 4; lastKnownFileType = sourcecode.swift; path = DatabaseTableSelect.swift; sourceTree = "<group>"; };
		28F8CDD41F2B1D4900325516 /* QueryHaving.swift */ = {isa = PBXFileReference; fileEncoding = 4; lastKnownFileType = sourcecode.swift; path = QueryHaving.swift; sourceTree = "<group>"; };
		28F8CDD61F2B202C00325516 /* QueryHavingSelect.swift */ = {isa = PBXFileReference; fileEncoding = 4; lastKnownFileType = sourcecode.swift; path = QueryHavingSelect.swift; sourceTree = "<group>"; };
		28F8CDD81F2B4B4F00325516 /* QueryAggregateTextInput.swift */ = {isa = PBXFileReference; fileEncoding = 4; lastKnownFileType = sourcecode.swift; path = QueryAggregateTextInput.swift; sourceTree = "<group>"; };
		28F8CDDB1F2C66AE00325516 /* Statement.swift */ = {isa = PBXFileReference; fileEncoding = 4; lastKnownFileType = sourcecode.swift; path = Statement.swift; sourceTree = "<group>"; };
		28F8CDDD1F2C6B0B00325516 /* WhereClause.swift */ = {isa = PBXFileReference; fileEncoding = 4; lastKnownFileType = sourcecode.swift; path = WhereClause.swift; sourceTree = "<group>"; };
		28F8CDDF1F2CAD7800325516 /* Property.swift */ = {isa = PBXFileReference; fileEncoding = 4; lastKnownFileType = sourcecode.swift; path = Property.swift; sourceTree = "<group>"; };
		28F8CDE11F2CADA000325516 /* AliasTable.swift */ = {isa = PBXFileReference; fileEncoding = 4; lastKnownFileType = sourcecode.swift; path = AliasTable.swift; sourceTree = "<group>"; };
		28F8CDE31F2CB7E500325516 /* DatabaseTablesWithCount.swift */ = {isa = PBXFileReference; fileEncoding = 4; lastKnownFileType = sourcecode.swift; path = DatabaseTablesWithCount.swift; sourceTree = "<group>"; };
		28F8CDE51F2CB80000325516 /* DatabaseTables.swift */ = {isa = PBXFileReference; fileEncoding = 4; lastKnownFileType = sourcecode.swift; path = DatabaseTables.swift; sourceTree = "<group>"; };
		28F8CDE71F2CB82D00325516 /* DatabaseTable.swift */ = {isa = PBXFileReference; fileEncoding = 4; lastKnownFileType = sourcecode.swift; path = DatabaseTable.swift; sourceTree = "<group>"; };
		28F8CDE91F2CB85F00325516 /* DatabaseTableProperty.swift */ = {isa = PBXFileReference; fileEncoding = 4; lastKnownFileType = sourcecode.swift; path = DatabaseTableProperty.swift; sourceTree = "<group>"; };
		28F8CDEB1F2CB87900325516 /* AliasProperty.swift */ = {isa = PBXFileReference; fileEncoding = 4; lastKnownFileType = sourcecode.swift; path = AliasProperty.swift; sourceTree = "<group>"; };
		28F8CDED1F2CB89200325516 /* AliasPropertyOrder.swift */ = {isa = PBXFileReference; fileEncoding = 4; lastKnownFileType = sourcecode.swift; path = AliasPropertyOrder.swift; sourceTree = "<group>"; };
		28F8CDEF1F2CB8B000325516 /* DatabaseAliasTable.swift */ = {isa = PBXFileReference; fileEncoding = 4; lastKnownFileType = sourcecode.swift; path = DatabaseAliasTable.swift; sourceTree = "<group>"; };
		28F8CDF11F2CB8CA00325516 /* DatabaseAliasTableWithProperties.swift */ = {isa = PBXFileReference; fileEncoding = 4; lastKnownFileType = sourcecode.swift; path = DatabaseAliasTableWithProperties.swift; sourceTree = "<group>"; };
		28F8CDF31F2CB8DE00325516 /* DatabaseAliasTableWithPropertiesRelationships.swift */ = {isa = PBXFileReference; fileEncoding = 4; lastKnownFileType = sourcecode.swift; path = DatabaseAliasTableWithPropertiesRelationships.swift; sourceTree = "<group>"; };
		28F8CDF51F2CB8F600325516 /* JoinWithDatabaseAliasTable.swift */ = {isa = PBXFileReference; fileEncoding = 4; lastKnownFileType = sourcecode.swift; path = JoinWithDatabaseAliasTable.swift; sourceTree = "<group>"; };
		28F8CDF71F2CB91000325516 /* JoinByDatabaseAlias.swift */ = {isa = PBXFileReference; fileEncoding = 4; lastKnownFileType = sourcecode.swift; path = JoinByDatabaseAlias.swift; sourceTree = "<group>"; };
		28F8CDF91F2DC01E00325516 /* QueryWhereInitiate.swift */ = {isa = PBXFileReference; fileEncoding = 4; lastKnownFileType = sourcecode.swift; path = QueryWhereInitiate.swift; sourceTree = "<group>"; };
		28F8CDFB1F2DC28700325516 /* WhereOptions.swift */ = {isa = PBXFileReference; fileEncoding = 4; lastKnownFileType = sourcecode.swift; path = WhereOptions.swift; sourceTree = "<group>"; };
		85038BB11F2FEFA100414C14 /* AttributeCategory.swift */ = {isa = PBXFileReference; fileEncoding = 4; lastKnownFileType = sourcecode.swift; path = AttributeCategory.swift; sourceTree = "<group>"; };
		850C38031F1C52BD00F2D116 /* CollectionExtension.swift */ = {isa = PBXFileReference; fileEncoding = 4; lastKnownFileType = sourcecode.swift; path = CollectionExtension.swift; sourceTree = "<group>"; };
		850C38041F1C52BD00F2D116 /* StringExtension.swift */ = {isa = PBXFileReference; fileEncoding = 4; lastKnownFileType = sourcecode.swift; path = StringExtension.swift; sourceTree = "<group>"; };
		850C38051F1C52BD00F2D116 /* UICollectionViewLayoutAttributesExtension.swift */ = {isa = PBXFileReference; fileEncoding = 4; lastKnownFileType = sourcecode.swift; path = UICollectionViewLayoutAttributesExtension.swift; sourceTree = "<group>"; };
		850C38061F1C52BD00F2D116 /* UIColorExtension.swift */ = {isa = PBXFileReference; fileEncoding = 4; lastKnownFileType = sourcecode.swift; path = UIColorExtension.swift; sourceTree = "<group>"; };
		850C380B1F1C52DC00F2D116 /* DatabaseViewer.storyboard */ = {isa = PBXFileReference; fileEncoding = 4; lastKnownFileType = file.storyboard; path = DatabaseViewer.storyboard; sourceTree = "<group>"; };
		850C38101F1C632800F2D116 /* DuplexCollectionViewLayout.swift */ = {isa = PBXFileReference; fileEncoding = 4; lastKnownFileType = sourcecode.swift; path = DuplexCollectionViewLayout.swift; sourceTree = "<group>"; };
		850C38131F1C638800F2D116 /* DisplayResult.swift */ = {isa = PBXFileReference; fileEncoding = 4; lastKnownFileType = sourcecode.swift; path = DisplayResult.swift; sourceTree = "<group>"; };
		850C38151F1C63AD00F2D116 /* DatabaseResultCollectionViewCell.swift */ = {isa = PBXFileReference; fileEncoding = 4; lastKnownFileType = sourcecode.swift; path = DatabaseResultCollectionViewCell.swift; sourceTree = "<group>"; };
		850C38171F1C63CC00F2D116 /* DatabaseResultViewController.swift */ = {isa = PBXFileReference; fileEncoding = 4; lastKnownFileType = sourcecode.swift; path = DatabaseResultViewController.swift; sourceTree = "<group>"; };
		850C38191F1C63F700F2D116 /* FetchResult.swift */ = {isa = PBXFileReference; fileEncoding = 4; lastKnownFileType = sourcecode.swift; path = FetchResult.swift; sourceTree = "<group>"; };
		850C381D1F1C724700F2D116 /* NSAttributeTypeExtension.swift */ = {isa = PBXFileReference; fileEncoding = 4; lastKnownFileType = sourcecode.swift; path = NSAttributeTypeExtension.swift; sourceTree = "<group>"; };
		850C381F1F1C7EC500F2D116 /* NSManagedObjectContextExtension.swift */ = {isa = PBXFileReference; fileEncoding = 4; lastKnownFileType = sourcecode.swift; path = NSManagedObjectContextExtension.swift; sourceTree = "<group>"; };
		850C38261F1D655700F2D116 /* Join.swift */ = {isa = PBXFileReference; fileEncoding = 4; lastKnownFileType = sourcecode.swift; path = Join.swift; sourceTree = "<group>"; };
		850C38281F1D753A00F2D116 /* QueryAction.swift */ = {isa = PBXFileReference; fileEncoding = 4; lastKnownFileType = sourcecode.swift; path = QueryAction.swift; sourceTree = "<group>"; };
		850C382A1F1D7AE800F2D116 /* UINavigationController.swift */ = {isa = PBXFileReference; fileEncoding = 4; lastKnownFileType = sourcecode.swift; path = UINavigationController.swift; sourceTree = "<group>"; };
		854972DB1F1338C100E86E84 /* UtilityHelper.framework */ = {isa = PBXFileReference; explicitFileType = wrapper.framework; includeInIndex = 0; path = UtilityHelper.framework; sourceTree = BUILT_PRODUCTS_DIR; };
		854972DE1F1338C100E86E84 /* UtilityHelper.h */ = {isa = PBXFileReference; lastKnownFileType = sourcecode.c.h; path = UtilityHelper.h; sourceTree = "<group>"; };
		854972DF1F1338C100E86E84 /* Info.plist */ = {isa = PBXFileReference; lastKnownFileType = text.plist.xml; path = Info.plist; sourceTree = "<group>"; };
		85599E2D1F1C45170024FA39 /* DatabaseManager.swift */ = {isa = PBXFileReference; fileEncoding = 4; lastKnownFileType = sourcecode.swift; path = DatabaseManager.swift; sourceTree = "<group>"; };
		85599E2F1F1C45420024FA39 /* Table.swift */ = {isa = PBXFileReference; fileEncoding = 4; lastKnownFileType = sourcecode.swift; path = Table.swift; sourceTree = "<group>"; };
		85E70F7C1F1EF34300F30771 /* UIViewExtension.swift */ = {isa = PBXFileReference; fileEncoding = 4; lastKnownFileType = sourcecode.swift; path = UIViewExtension.swift; sourceTree = "<group>"; };
		85E70F801F1EF7F800F30771 /* SemiModalPresentationController.swift */ = {isa = PBXFileReference; fileEncoding = 4; lastKnownFileType = sourcecode.swift; path = SemiModalPresentationController.swift; sourceTree = "<group>"; };
		85E70F821F1F1F1400F30771 /* SemiModalTransistioningDelagate.swift */ = {isa = PBXFileReference; fileEncoding = 4; lastKnownFileType = sourcecode.swift; path = SemiModalTransistioningDelagate.swift; sourceTree = "<group>"; };
		85E70F841F1F200100F30771 /* SemiModalTransitionAnimator.swift */ = {isa = PBXFileReference; fileEncoding = 4; lastKnownFileType = sourcecode.swift; path = SemiModalTransitionAnimator.swift; sourceTree = "<group>"; };
/* End PBXFileReference section */

/* Begin PBXFrameworksBuildPhase section */
		854972D71F1338C100E86E84 /* Frameworks */ = {
			isa = PBXFrameworksBuildPhase;
			buildActionMask = 2147483647;
			files = (
			);
			runOnlyForDeploymentPostprocessing = 0;
		};
/* End PBXFrameworksBuildPhase section */

/* Begin PBXGroup section */
		28F8CDDA1F2C666D00325516 /* Models */ = {
			isa = PBXGroup;
			children = (
				28F8CDEB1F2CB87900325516 /* AliasProperty.swift */,
				28F8CDED1F2CB89200325516 /* AliasPropertyOrder.swift */,
				28F8CDE11F2CADA000325516 /* AliasTable.swift */,
				28F8CDEF1F2CB8B000325516 /* DatabaseAliasTable.swift */,
				28F8CDF11F2CB8CA00325516 /* DatabaseAliasTableWithProperties.swift */,
				28F8CDF31F2CB8DE00325516 /* DatabaseAliasTableWithPropertiesRelationships.swift */,
				28F8CDE71F2CB82D00325516 /* DatabaseTable.swift */,
				28F8CDE91F2CB85F00325516 /* DatabaseTableProperty.swift */,
				28F8CDE51F2CB80000325516 /* DatabaseTables.swift */,
				28F8CDE31F2CB7E500325516 /* DatabaseTablesWithCount.swift */,
				28F8CDF71F2CB91000325516 /* JoinByDatabaseAlias.swift */,
				28F8CDF51F2CB8F600325516 /* JoinWithDatabaseAliasTable.swift */,
				28F8CDDF1F2CAD7800325516 /* Property.swift */,
				28F8CDDB1F2C66AE00325516 /* Statement.swift */,
				85599E2F1F1C45420024FA39 /* Table.swift */,
			);
			path = Models;
			sourceTree = "<group>";
		};
		850C37FA1F1C520A00F2D116 /* UI Interfaces */ = {
			isa = PBXGroup;
			children = (
				850C38151F1C63AD00F2D116 /* DatabaseResultCollectionViewCell.swift */,
				850C380B1F1C52DC00F2D116 /* DatabaseViewer.storyboard */,
				850C38101F1C632800F2D116 /* DuplexCollectionViewLayout.swift */,
				2836E4CD1F25E32900815D65 /* TextFieldTableViewCell.swift */,
				2822436B1F3F267E005501BE /* ExecuteTableViewCell.swift */,
			);
			name = "UI Interfaces";
			path = UIInterfaces;
			sourceTree = "<group>";
		};
		850C380D1F1C56C400F2D116 /* ViewControllers */ = {
			isa = PBXGroup;
			children = (
				850C38171F1C63CC00F2D116 /* DatabaseResultViewController.swift */,
				28C307171F217661004D9ED9 /* GenericTableViewController.swift */,
			);
			path = ViewControllers;
			sourceTree = "<group>";
		};
		850C38121F1C636900F2D116 /* View Models */ = {
			isa = PBXGroup;
			children = (
				28436D861F22C0B300C366E6 /* DatabaseTableJoinSelect.swift */,
				28EFDDF61F2233B000557145 /* DatabaseTableSelect.swift */,
				28EFDDF41F22293200557145 /* DatabaseTableView.swift */,
				850C38131F1C638800F2D116 /* DisplayResult.swift */,
				850C38191F1C63F700F2D116 /* FetchResult.swift */,
				2836E4C31F2442B800815D65 /* GenericTableViewModel.swift */,
				28F8CDD81F2B4B4F00325516 /* QueryAggregateTextInput.swift */,
				2836E4D11F275BC600815D65 /* QueryBetweenOperatorTextInput.swift */,
				28436D911F234E1400C366E6 /* QueryComparator.swift */,
				2836E4CB1F24BEBC00815D65 /* QueryFetchIn.swift */,
				28F8CDD41F2B1D4900325516 /* QueryHaving.swift */,
				28F8CDD61F2B202C00325516 /* QueryHavingSelect.swift */,
				28436D931F235ACC00C366E6 /* QueryJoinOnConditions.swift */,
				28C307191F217836004D9ED9 /* QueryJoinRequest.swift */,
				28C3071B1F218B58004D9ED9 /* QueryJoinRequestWithTableOptions.swift */,
				28436D8F1F23144B00C366E6 /* QueryJoinRequestTablePropertySelect.swift */,
				2804D98A1F1E2524009ED045 /* QueryRequest.swift */,
				2836E4CF1F25F7B600815D65 /* QueryOperatorTextInput.swift */,
				28C3071F1F21C888004D9ED9 /* QueryOrderBy.swift */,
				28C3071D1F21A143004D9ED9 /* QuerySelect.swift */,
				2836E4C91F24B6DB00815D65 /* QueryWhere.swift */,
				28F8CDF91F2DC01E00325516 /* QueryWhereInitiate.swift */,
				2836E4C71F24AD0600815D65 /* QueryWhereOperators.swift */,
				28EFDDF21F221D4300557145 /* PropertyRelationship.swift */,
			);
			path = "View Models";
			sourceTree = "<group>";
		};
		850C38251F1D650B00F2D116 /* Enums */ = {
			isa = PBXGroup;
			children = (
				28436D8D1F2311B100C366E6 /* Aggregate.swift */,
				2836E4C51F24AB7700815D65 /* Argument.swift */,
				85038BB11F2FEFA100414C14 /* AttributeCategory.swift */,
				2804D98C1F20C522009ED045 /* Comparator.swift */,
				850C38261F1D655700F2D116 /* Join.swift */,
				284E13C91F20D28800FB55DC /* OrderBy.swift */,
				850C38281F1D753A00F2D116 /* QueryAction.swift */,
				28F8CDDD1F2C6B0B00325516 /* WhereClause.swift */,
				28F8CDFB1F2DC28700325516 /* WhereOptions.swift */,
			);
			path = Enums;
			sourceTree = "<group>";
		};
		854972D11F1338C100E86E84 = {
			isa = PBXGroup;
			children = (
				854972DD1F1338C100E86E84 /* UtilityHelper */,
				854972DC1F1338C100E86E84 /* Products */,
			);
			sourceTree = "<group>";
		};
		854972DC1F1338C100E86E84 /* Products */ = {
			isa = PBXGroup;
			children = (
				854972DB1F1338C100E86E84 /* UtilityHelper.framework */,
			);
			name = Products;
			sourceTree = "<group>";
		};
		854972DD1F1338C100E86E84 /* UtilityHelper */ = {
			isa = PBXGroup;
			children = (
				85599E2C1F1C44DE0024FA39 /* Database Viewer */,
				850C38251F1D650B00F2D116 /* Enums */,
				85599E311F1C461D0024FA39 /* Extensions */,
				28F8CDDA1F2C666D00325516 /* Models */,
				85E70F7E1F1EF52900F30771 /* Styles */,
				850C37FA1F1C520A00F2D116 /* UI Interfaces */,
				850C38121F1C636900F2D116 /* View Models */,
				850C380D1F1C56C400F2D116 /* ViewControllers */,
				854972DE1F1338C100E86E84 /* UtilityHelper.h */,
				854972DF1F1338C100E86E84 /* Info.plist */,
			);
			path = UtilityHelper;
			sourceTree = "<group>";
		};
		85599E2C1F1C44DE0024FA39 /* Database Viewer */ = {
			isa = PBXGroup;
			children = (
				85599E2D1F1C45170024FA39 /* DatabaseManager.swift */,
			);
			path = "Database Viewer";
			sourceTree = "<group>";
		};
		85599E311F1C461D0024FA39 /* Extensions */ = {
			isa = PBXGroup;
			children = (
				282243691F3F0D15005501BE /* CharacterExtension.swift */,
				850C38031F1C52BD00F2D116 /* CollectionExtension.swift */,
				850C381D1F1C724700F2D116 /* NSAttributeTypeExtension.swift */,
				850C381F1F1C7EC500F2D116 /* NSManagedObjectContextExtension.swift */,
				28C307151F20E55D004D9ED9 /* NSMutableAttributedString.swift */,
				850C38041F1C52BD00F2D116 /* StringExtension.swift */,
				850C38051F1C52BD00F2D116 /* UICollectionViewLayoutAttributesExtension.swift */,
				850C38061F1C52BD00F2D116 /* UIColorExtension.swift */,
				850C382A1F1D7AE800F2D116 /* UINavigationController.swift */,
				85E70F7C1F1EF34300F30771 /* UIViewExtension.swift */,
			);
			path = Extensions;
			sourceTree = "<group>";
		};
		85E70F7E1F1EF52900F30771 /* Styles */ = {
			isa = PBXGroup;
			children = (
				2836E4D31F28A03D00815D65 /* StyleKit.swift */,
				85E70F7F1F1EF75B00F30771 /* Semi Modal Presenter */,
			);
			path = Styles;
			sourceTree = "<group>";
		};
		85E70F7F1F1EF75B00F30771 /* Semi Modal Presenter */ = {
			isa = PBXGroup;
			children = (
				85E70F801F1EF7F800F30771 /* SemiModalPresentationController.swift */,
				85E70F821F1F1F1400F30771 /* SemiModalTransistioningDelagate.swift */,
				85E70F841F1F200100F30771 /* SemiModalTransitionAnimator.swift */,
			);
			path = "Semi Modal Presenter";
			sourceTree = "<group>";
		};
/* End PBXGroup section */

/* Begin PBXHeadersBuildPhase section */
		854972D81F1338C100E86E84 /* Headers */ = {
			isa = PBXHeadersBuildPhase;
			buildActionMask = 2147483647;
			files = (
				854972E01F1338C100E86E84 /* UtilityHelper.h in Headers */,
			);
			runOnlyForDeploymentPostprocessing = 0;
		};
/* End PBXHeadersBuildPhase section */

/* Begin PBXNativeTarget section */
		854972DA1F1338C100E86E84 /* UtilityHelper */ = {
			isa = PBXNativeTarget;
			buildConfigurationList = 854972E31F1338C100E86E84 /* Build configuration list for PBXNativeTarget "UtilityHelper" */;
			buildPhases = (
				854972D61F1338C100E86E84 /* Sources */,
				854972D71F1338C100E86E84 /* Frameworks */,
				854972D81F1338C100E86E84 /* Headers */,
				854972D91F1338C100E86E84 /* Resources */,
			);
			buildRules = (
			);
			dependencies = (
			);
			name = UtilityHelper;
			productName = UtilityHelper;
			productReference = 854972DB1F1338C100E86E84 /* UtilityHelper.framework */;
			productType = "com.apple.product-type.framework";
		};
/* End PBXNativeTarget section */

/* Begin PBXProject section */
		854972D21F1338C100E86E84 /* Project object */ = {
			isa = PBXProject;
			attributes = {
				LastUpgradeCheck = 0830;
				ORGANIZATIONNAME = JackyTay;
				TargetAttributes = {
					854972DA1F1338C100E86E84 = {
						CreatedOnToolsVersion = 8.3.3;
						LastSwiftMigration = 0830;
						ProvisioningStyle = Automatic;
					};
					854972E61F133A8C00E86E84 = {
						CreatedOnToolsVersion = 8.3.3;
						ProvisioningStyle = Automatic;
					};
				};
			};
			buildConfigurationList = 854972D51F1338C100E86E84 /* Build configuration list for PBXProject "UtilityHelper" */;
			compatibilityVersion = "Xcode 3.2";
			developmentRegion = English;
			hasScannedForEncodings = 0;
			knownRegions = (
				en,
			);
			mainGroup = 854972D11F1338C100E86E84;
			productRefGroup = 854972DC1F1338C100E86E84 /* Products */;
			projectDirPath = "";
			projectRoot = "";
			targets = (
				854972DA1F1338C100E86E84 /* UtilityHelper */,
				854972E61F133A8C00E86E84 /* UtilityHelper-Universal */,
			);
		};
/* End PBXProject section */

/* Begin PBXResourcesBuildPhase section */
		854972D91F1338C100E86E84 /* Resources */ = {
			isa = PBXResourcesBuildPhase;
			buildActionMask = 2147483647;
			files = (
				850C380C1F1C52DC00F2D116 /* DatabaseViewer.storyboard in Resources */,
			);
			runOnlyForDeploymentPostprocessing = 0;
		};
/* End PBXResourcesBuildPhase section */

/* Begin PBXShellScriptBuildPhase section */
		854972EA1F133A9200E86E84 /* ShellScript */ = {
			isa = PBXShellScriptBuildPhase;
			buildActionMask = 2147483647;
			files = (
			);
			inputPaths = (
			);
			outputPaths = (
			);
			runOnlyForDeploymentPostprocessing = 0;
			shellPath = /bin/sh;
			shellScript = "#!/bin/sh\n\nUNIVERSAL_OUTPUTFOLDER=${BUILD_DIR}/${CONFIGURATION}-universal\n\n# make sure the output directory exists\nmkdir -p \"${UNIVERSAL_OUTPUTFOLDER}\" | echo\n\n# Step 1. Build Device and Simulator versions\nxcodebuild -target \"${PROJECT_NAME}\" ONLY_ACTIVE_ARCH=NO -configuration ${CONFIGURATION} -sdk iphoneos  BUILD_DIR=\"${BUILD_DIR}\" BUILD_ROOT=\"${BUILD_ROOT}\" clean build\nxcodebuild -target \"${PROJECT_NAME}\" -configuration ${CONFIGURATION} -sdk iphonesimulator ONLY_ACTIVE_ARCH=NO BUILD_DIR=\"${BUILD_DIR}\" BUILD_ROOT=\"${BUILD_ROOT}\" clean build\n\n# Step 2. Copy the framework structure (from iphoneos build) to the universal folder\ncp -R \"${BUILD_DIR}/${CONFIGURATION}-iphoneos/${PROJECT_NAME}.framework\" \"${UNIVERSAL_OUTPUTFOLDER}/\"\n\n# Step 3. Copy Swift modules from iphonesimulator build (if it exists) to the copied framework directory\nSIMULATOR_SWIFT_MODULES_DIR=\"${BUILD_DIR}/${CONFIGURATION}-iphonesimulator/${PROJECT_NAME}.framework/Modules/${PROJECT_NAME}.swiftmodule/.\"\nif [ -d \"${SIMULATOR_SWIFT_MODULES_DIR}\" ]; then\ncp -R \"${SIMULATOR_SWIFT_MODULES_DIR}\" \"${UNIVERSAL_OUTPUTFOLDER}/${PROJECT_NAME}.framework/Modules/${PROJECT_NAME}.swiftmodule\"\nfi\n\n# Step 4. Create universal binary file using lipo and place the combined executable in the copied framework directory\nlipo -create -output \"${UNIVERSAL_OUTPUTFOLDER}/${PROJECT_NAME}.framework/${PROJECT_NAME}\" \"${BUILD_DIR}/${CONFIGURATION}-iphonesimulator/${PROJECT_NAME}.framework/${PROJECT_NAME}\" \"${BUILD_DIR}/${CONFIGURATION}-iphoneos/${PROJECT_NAME}.framework/${PROJECT_NAME}\"\n\n# Step 5. Remove build folder as we no longer need it.\nrm -r \"./build\"\n\n# Step 6. Convenience step to open the project's directory in Finder\nopen \"${BUILD_DIR}\"\n";
		};
/* End PBXShellScriptBuildPhase section */

/* Begin PBXSourcesBuildPhase section */
		854972D61F1338C100E86E84 /* Sources */ = {
			isa = PBXSourcesBuildPhase;
			buildActionMask = 2147483647;
			files = (
				28F8CDEA1F2CB85F00325516 /* DatabaseTableProperty.swift in Sources */,
				85E70F851F1F200100F30771 /* SemiModalTransitionAnimator.swift in Sources */,
				850C38081F1C52BD00F2D116 /* StringExtension.swift in Sources */,
				28F8CDEE1F2CB89200325516 /* AliasPropertyOrder.swift in Sources */,
				28F8CDE61F2CB80000325516 /* DatabaseTables.swift in Sources */,
				28C3071E1F21A143004D9ED9 /* QuerySelect.swift in Sources */,
				28F8CDE41F2CB7E500325516 /* DatabaseTablesWithCount.swift in Sources */,
				850C382B1F1D7AE800F2D116 /* UINavigationController.swift in Sources */,
				2836E4D41F28A03D00815D65 /* StyleKit.swift in Sources */,
				85E70F7D1F1EF34300F30771 /* UIViewExtension.swift in Sources */,
				28F8CDE01F2CAD7800325516 /* Property.swift in Sources */,
				28C307161F20E55D004D9ED9 /* NSMutableAttributedString.swift in Sources */,
				28436D941F235ACC00C366E6 /* QueryJoinOnConditions.swift in Sources */,
				28F8CDE81F2CB82D00325516 /* DatabaseTable.swift in Sources */,
				850C38181F1C63CC00F2D116 /* DatabaseResultViewController.swift in Sources */,
				28C307181F217661004D9ED9 /* GenericTableViewController.swift in Sources */,
				850C38291F1D753A00F2D116 /* QueryAction.swift in Sources */,
				2836E4CC1F24BEBC00815D65 /* QueryFetchIn.swift in Sources */,
				85599E301F1C45430024FA39 /* Table.swift in Sources */,
				850C38161F1C63AD00F2D116 /* DatabaseResultCollectionViewCell.swift in Sources */,
				850C38271F1D655700F2D116 /* Join.swift in Sources */,
				2836E4CA1F24B6DB00815D65 /* QueryWhere.swift in Sources */,
				2836E4C61F24AB7700815D65 /* Argument.swift in Sources */,
				28436D871F22C0B300C366E6 /* DatabaseTableJoinSelect.swift in Sources */,
				850C38141F1C638800F2D116 /* DisplayResult.swift in Sources */,
				2822436A1F3F0D15005501BE /* CharacterExtension.swift in Sources */,
				850C381E1F1C724800F2D116 /* NSAttributeTypeExtension.swift in Sources */,
				28F8CDEC1F2CB87900325516 /* AliasProperty.swift in Sources */,
				28EFDDF51F22293200557145 /* DatabaseTableView.swift in Sources */,
				28F8CDD71F2B202C00325516 /* QueryHavingSelect.swift in Sources */,
				850C381A1F1C63F700F2D116 /* FetchResult.swift in Sources */,
				85599E2E1F1C45170024FA39 /* DatabaseManager.swift in Sources */,
				2836E4D01F25F7B600815D65 /* QueryOperatorTextInput.swift in Sources */,
				28436D901F23144B00C366E6 /* QueryJoinRequestTablePropertySelect.swift in Sources */,
				2822436C1F3F267E005501BE /* ExecuteTableViewCell.swift in Sources */,
				85038BB21F2FEFA100414C14 /* AttributeCategory.swift in Sources */,
				28EFDDF31F221D4300557145 /* PropertyRelationship.swift in Sources */,
				2836E4D21F275BC600815D65 /* QueryBetweenOperatorTextInput.swift in Sources */,
				28F8CDFA1F2DC01E00325516 /* QueryWhereInitiate.swift in Sources */,
				28F8CDDE1F2C6B0B00325516 /* WhereClause.swift in Sources */,
				850C38091F1C52BD00F2D116 /* UICollectionViewLayoutAttributesExtension.swift in Sources */,
				28C3071C1F218B58004D9ED9 /* QueryJoinRequestWithTableOptions.swift in Sources */,
				2836E4CE1F25E32900815D65 /* TextFieldTableViewCell.swift in Sources */,
				28C307201F21C888004D9ED9 /* QueryOrderBy.swift in Sources */,
				284E13CA1F20D28800FB55DC /* OrderBy.swift in Sources */,
				28C3071A1F217836004D9ED9 /* QueryJoinRequest.swift in Sources */,
				28F8CDF01F2CB8B000325516 /* DatabaseAliasTable.swift in Sources */,
				28F8CDFC1F2DC28700325516 /* WhereOptions.swift in Sources */,
				850C38201F1C7EC500F2D116 /* NSManagedObjectContextExtension.swift in Sources */,
				28F8CDF21F2CB8CA00325516 /* DatabaseAliasTableWithProperties.swift in Sources */,
				28436D8E1F2311B100C366E6 /* Aggregate.swift in Sources */,
				850C38111F1C632800F2D116 /* DuplexCollectionViewLayout.swift in Sources */,
				28F8CDD51F2B1D4900325516 /* QueryHaving.swift in Sources */,
				850C38071F1C52BD00F2D116 /* CollectionExtension.swift in Sources */,
				28F8CDDC1F2C66AE00325516 /* Statement.swift in Sources */,
				850C380A1F1C52BD00F2D116 /* UIColorExtension.swift in Sources */,
				85E70F811F1EF7F800F30771 /* SemiModalPresentationController.swift in Sources */,
				2804D98D1F20C522009ED045 /* Comparator.swift in Sources */,
				2836E4C41F2442B800815D65 /* GenericTableViewModel.swift in Sources */,
				28EFDDF71F2233B000557145 /* DatabaseTableSelect.swift in Sources */,
				2836E4C81F24AD0600815D65 /* QueryWhereOperators.swift in Sources */,
				28F8CDF61F2CB8F600325516 /* JoinWithDatabaseAliasTable.swift in Sources */,
				28F8CDE21F2CADA000325516 /* AliasTable.swift in Sources */,
				85E70F831F1F1F1400F30771 /* SemiModalTransistioningDelagate.swift in Sources */,
				28F8CDD91F2B4B4F00325516 /* QueryAggregateTextInput.swift in Sources */,
				28F8CDF41F2CB8DE00325516 /* DatabaseAliasTableWithPropertiesRelationships.swift in Sources */,
				28436D921F234E1400C366E6 /* QueryComparator.swift in Sources */,
				28F8CDF81F2CB91000325516 /* JoinByDatabaseAlias.swift in Sources */,
				2804D98B1F1E2524009ED045 /* QueryRequest.swift in Sources */,
			);
			runOnlyForDeploymentPostprocessing = 0;
		};
/* End PBXSourcesBuildPhase section */

/* Begin XCBuildConfiguration section */
		850C37F71F1C504600F2D116 /* D */ = {
			isa = XCBuildConfiguration;
			buildSettings = {
				ALWAYS_SEARCH_USER_PATHS = NO;
				CLANG_ANALYZER_NONNULL = YES;
				CLANG_ANALYZER_NUMBER_OBJECT_CONVERSION = YES_AGGRESSIVE;
				CLANG_CXX_LANGUAGE_STANDARD = "gnu++0x";
				CLANG_CXX_LIBRARY = "libc++";
				CLANG_ENABLE_MODULES = YES;
				CLANG_ENABLE_OBJC_ARC = YES;
				CLANG_WARN_BOOL_CONVERSION = YES;
				CLANG_WARN_CONSTANT_CONVERSION = YES;
				CLANG_WARN_DIRECT_OBJC_ISA_USAGE = YES_ERROR;
				CLANG_WARN_DOCUMENTATION_COMMENTS = YES;
				CLANG_WARN_EMPTY_BODY = YES;
				CLANG_WARN_ENUM_CONVERSION = YES;
				CLANG_WARN_INFINITE_RECURSION = YES;
				CLANG_WARN_INT_CONVERSION = YES;
				CLANG_WARN_OBJC_ROOT_CLASS = YES_ERROR;
				CLANG_WARN_SUSPICIOUS_MOVE = YES;
				CLANG_WARN_UNREACHABLE_CODE = YES;
				CLANG_WARN__DUPLICATE_METHOD_MATCH = YES;
				"CODE_SIGN_IDENTITY[sdk=iphoneos*]" = "iPhone Developer";
				COPY_PHASE_STRIP = NO;
				CURRENT_PROJECT_VERSION = 1;
				DEBUG_INFORMATION_FORMAT = dwarf;
				ENABLE_STRICT_OBJC_MSGSEND = YES;
				ENABLE_TESTABILITY = YES;
				GCC_C_LANGUAGE_STANDARD = gnu99;
				GCC_DYNAMIC_NO_PIC = NO;
				GCC_NO_COMMON_BLOCKS = YES;
				GCC_OPTIMIZATION_LEVEL = 0;
				GCC_PREPROCESSOR_DEFINITIONS = (
					"DEBUG=1",
					"$(inherited)",
				);
				GCC_WARN_64_TO_32_BIT_CONVERSION = YES;
				GCC_WARN_ABOUT_RETURN_TYPE = YES_ERROR;
				GCC_WARN_UNDECLARED_SELECTOR = YES;
				GCC_WARN_UNINITIALIZED_AUTOS = YES_AGGRESSIVE;
				GCC_WARN_UNUSED_FUNCTION = YES;
				GCC_WARN_UNUSED_VARIABLE = YES;
				IPHONEOS_DEPLOYMENT_TARGET = 9.0;
				MTL_ENABLE_DEBUG_INFO = YES;
				ONLY_ACTIVE_ARCH = YES;
				SDKROOT = iphoneos;
				SWIFT_ACTIVE_COMPILATION_CONDITIONS = DEBUG;
				SWIFT_OPTIMIZATION_LEVEL = "-Onone";
				TARGETED_DEVICE_FAMILY = "1,2";
				VERSIONING_SYSTEM = "apple-generic";
				VERSION_INFO_PREFIX = "";
			};
			name = D;
		};
		850C37F81F1C504600F2D116 /* D */ = {
			isa = XCBuildConfiguration;
			buildSettings = {
				CLANG_ENABLE_MODULES = YES;
				CODE_SIGN_IDENTITY = "";
				DEFINES_MODULE = YES;
				DYLIB_COMPATIBILITY_VERSION = 1;
				DYLIB_CURRENT_VERSION = 1;
				DYLIB_INSTALL_NAME_BASE = "@rpath";
				INFOPLIST_FILE = UtilityHelper/Info.plist;
				INSTALL_PATH = "$(LOCAL_LIBRARY_DIR)/Frameworks";
				LD_RUNPATH_SEARCH_PATHS = "$(inherited) @executable_path/Frameworks @loader_path/Frameworks";
				PRODUCT_BUNDLE_IDENTIFIER = JackyTay.UtilityHelper;
				PRODUCT_NAME = "$(TARGET_NAME)";
				SKIP_INSTALL = YES;
				SWIFT_OPTIMIZATION_LEVEL = "-Onone";
				SWIFT_VERSION = 3.0;
			};
			name = D;
		};
		850C37F91F1C504600F2D116 /* D */ = {
			isa = XCBuildConfiguration;
			buildSettings = {
				PRODUCT_NAME = "$(TARGET_NAME)";
			};
			name = D;
		};
		854972E11F1338C100E86E84 /* Q */ = {
			isa = XCBuildConfiguration;
			buildSettings = {
				ALWAYS_SEARCH_USER_PATHS = NO;
				CLANG_ANALYZER_NONNULL = YES;
				CLANG_ANALYZER_NUMBER_OBJECT_CONVERSION = YES_AGGRESSIVE;
				CLANG_CXX_LANGUAGE_STANDARD = "gnu++0x";
				CLANG_CXX_LIBRARY = "libc++";
				CLANG_ENABLE_MODULES = YES;
				CLANG_ENABLE_OBJC_ARC = YES;
				CLANG_WARN_BOOL_CONVERSION = YES;
				CLANG_WARN_CONSTANT_CONVERSION = YES;
				CLANG_WARN_DIRECT_OBJC_ISA_USAGE = YES_ERROR;
				CLANG_WARN_DOCUMENTATION_COMMENTS = YES;
				CLANG_WARN_EMPTY_BODY = YES;
				CLANG_WARN_ENUM_CONVERSION = YES;
				CLANG_WARN_INFINITE_RECURSION = YES;
				CLANG_WARN_INT_CONVERSION = YES;
				CLANG_WARN_OBJC_ROOT_CLASS = YES_ERROR;
				CLANG_WARN_SUSPICIOUS_MOVE = YES;
				CLANG_WARN_UNREACHABLE_CODE = YES;
				CLANG_WARN__DUPLICATE_METHOD_MATCH = YES;
				"CODE_SIGN_IDENTITY[sdk=iphoneos*]" = "iPhone Developer";
				COPY_PHASE_STRIP = NO;
				CURRENT_PROJECT_VERSION = 1;
				DEBUG_INFORMATION_FORMAT = dwarf;
				ENABLE_STRICT_OBJC_MSGSEND = YES;
				ENABLE_TESTABILITY = YES;
				GCC_C_LANGUAGE_STANDARD = gnu99;
				GCC_DYNAMIC_NO_PIC = NO;
				GCC_NO_COMMON_BLOCKS = YES;
				GCC_OPTIMIZATION_LEVEL = 0;
				GCC_PREPROCESSOR_DEFINITIONS = (
					"DEBUG=1",
					"$(inherited)",
				);
				GCC_WARN_64_TO_32_BIT_CONVERSION = YES;
				GCC_WARN_ABOUT_RETURN_TYPE = YES_ERROR;
				GCC_WARN_UNDECLARED_SELECTOR = YES;
				GCC_WARN_UNINITIALIZED_AUTOS = YES_AGGRESSIVE;
				GCC_WARN_UNUSED_FUNCTION = YES;
				GCC_WARN_UNUSED_VARIABLE = YES;
				IPHONEOS_DEPLOYMENT_TARGET = 9.0;
				MTL_ENABLE_DEBUG_INFO = YES;
				ONLY_ACTIVE_ARCH = YES;
				SDKROOT = iphoneos;
				SWIFT_ACTIVE_COMPILATION_CONDITIONS = DEBUG;
				SWIFT_OPTIMIZATION_LEVEL = "-Onone";
				TARGETED_DEVICE_FAMILY = "1,2";
				VERSIONING_SYSTEM = "apple-generic";
				VERSION_INFO_PREFIX = "";
			};
			name = Q;
		};
		854972E21F1338C100E86E84 /* Release */ = {
			isa = XCBuildConfiguration;
			buildSettings = {
				ALWAYS_SEARCH_USER_PATHS = NO;
				CLANG_ANALYZER_NONNULL = YES;
				CLANG_ANALYZER_NUMBER_OBJECT_CONVERSION = YES_AGGRESSIVE;
				CLANG_CXX_LANGUAGE_STANDARD = "gnu++0x";
				CLANG_CXX_LIBRARY = "libc++";
				CLANG_ENABLE_MODULES = YES;
				CLANG_ENABLE_OBJC_ARC = YES;
				CLANG_WARN_BOOL_CONVERSION = YES;
				CLANG_WARN_CONSTANT_CONVERSION = YES;
				CLANG_WARN_DIRECT_OBJC_ISA_USAGE = YES_ERROR;
				CLANG_WARN_DOCUMENTATION_COMMENTS = YES;
				CLANG_WARN_EMPTY_BODY = YES;
				CLANG_WARN_ENUM_CONVERSION = YES;
				CLANG_WARN_INFINITE_RECURSION = YES;
				CLANG_WARN_INT_CONVERSION = YES;
				CLANG_WARN_OBJC_ROOT_CLASS = YES_ERROR;
				CLANG_WARN_SUSPICIOUS_MOVE = YES;
				CLANG_WARN_UNREACHABLE_CODE = YES;
				CLANG_WARN__DUPLICATE_METHOD_MATCH = YES;
				"CODE_SIGN_IDENTITY[sdk=iphoneos*]" = "iPhone Developer";
				COPY_PHASE_STRIP = NO;
				CURRENT_PROJECT_VERSION = 1;
				DEBUG_INFORMATION_FORMAT = "dwarf-with-dsym";
				ENABLE_NS_ASSERTIONS = NO;
				ENABLE_STRICT_OBJC_MSGSEND = YES;
				GCC_C_LANGUAGE_STANDARD = gnu99;
				GCC_NO_COMMON_BLOCKS = YES;
				GCC_WARN_64_TO_32_BIT_CONVERSION = YES;
				GCC_WARN_ABOUT_RETURN_TYPE = YES_ERROR;
				GCC_WARN_UNDECLARED_SELECTOR = YES;
				GCC_WARN_UNINITIALIZED_AUTOS = YES_AGGRESSIVE;
				GCC_WARN_UNUSED_FUNCTION = YES;
				GCC_WARN_UNUSED_VARIABLE = YES;
				IPHONEOS_DEPLOYMENT_TARGET = 9.0;
				MTL_ENABLE_DEBUG_INFO = NO;
				SDKROOT = iphoneos;
				SWIFT_OPTIMIZATION_LEVEL = "-Owholemodule";
				TARGETED_DEVICE_FAMILY = "1,2";
				VALIDATE_PRODUCT = YES;
				VERSIONING_SYSTEM = "apple-generic";
				VERSION_INFO_PREFIX = "";
			};
			name = Release;
		};
		854972E41F1338C100E86E84 /* Q */ = {
			isa = XCBuildConfiguration;
			buildSettings = {
				CLANG_ENABLE_MODULES = YES;
				CODE_SIGN_IDENTITY = "";
				DEFINES_MODULE = YES;
				DYLIB_COMPATIBILITY_VERSION = 1;
				DYLIB_CURRENT_VERSION = 1;
				DYLIB_INSTALL_NAME_BASE = "@rpath";
				INFOPLIST_FILE = UtilityHelper/Info.plist;
				INSTALL_PATH = "$(LOCAL_LIBRARY_DIR)/Frameworks";
				LD_RUNPATH_SEARCH_PATHS = "$(inherited) @executable_path/Frameworks @loader_path/Frameworks";
				PRODUCT_BUNDLE_IDENTIFIER = JackyTay.UtilityHelper;
				PRODUCT_NAME = "$(TARGET_NAME)";
				SKIP_INSTALL = YES;
				SWIFT_OPTIMIZATION_LEVEL = "-Onone";
				SWIFT_VERSION = 3.0;
			};
			name = Q;
		};
		854972E51F1338C100E86E84 /* Release */ = {
			isa = XCBuildConfiguration;
			buildSettings = {
				CLANG_ENABLE_MODULES = YES;
				CODE_SIGN_IDENTITY = "";
				DEFINES_MODULE = YES;
				DYLIB_COMPATIBILITY_VERSION = 1;
				DYLIB_CURRENT_VERSION = 1;
				DYLIB_INSTALL_NAME_BASE = "@rpath";
				INFOPLIST_FILE = UtilityHelper/Info.plist;
				INSTALL_PATH = "$(LOCAL_LIBRARY_DIR)/Frameworks";
				LD_RUNPATH_SEARCH_PATHS = "$(inherited) @executable_path/Frameworks @loader_path/Frameworks";
				PRODUCT_BUNDLE_IDENTIFIER = JackyTay.UtilityHelper;
				PRODUCT_NAME = "$(TARGET_NAME)";
				SKIP_INSTALL = YES;
				SWIFT_VERSION = 3.0;
			};
			name = Release;
		};
		854972E81F133A8C00E86E84 /* Q */ = {
			isa = XCBuildConfiguration;
			buildSettings = {
				PRODUCT_NAME = "$(TARGET_NAME)";
			};
			name = Q;
		};
		854972E91F133A8C00E86E84 /* Release */ = {
			isa = XCBuildConfiguration;
			buildSettings = {
				PRODUCT_NAME = "$(TARGET_NAME)";
			};
			name = Release;
		};
/* End XCBuildConfiguration section */

/* Begin XCConfigurationList section */
		854972D51F1338C100E86E84 /* Build configuration list for PBXProject "UtilityHelper" */ = {
			isa = XCConfigurationList;
			buildConfigurations = (
				854972E11F1338C100E86E84 /* Q */,
				850C37F71F1C504600F2D116 /* D */,
				854972E21F1338C100E86E84 /* Release */,
			);
			defaultConfigurationIsVisible = 0;
			defaultConfigurationName = Release;
		};
		854972E31F1338C100E86E84 /* Build configuration list for PBXNativeTarget "UtilityHelper" */ = {
			isa = XCConfigurationList;
			buildConfigurations = (
				854972E41F1338C100E86E84 /* Q */,
				850C37F81F1C504600F2D116 /* D */,
				854972E51F1338C100E86E84 /* Release */,
			);
			defaultConfigurationIsVisible = 0;
			defaultConfigurationName = Release;
		};
		854972E71F133A8C00E86E84 /* Build configuration list for PBXAggregateTarget "UtilityHelper-Universal" */ = {
			isa = XCConfigurationList;
			buildConfigurations = (
				854972E81F133A8C00E86E84 /* Q */,
				850C37F91F1C504600F2D116 /* D */,
				854972E91F133A8C00E86E84 /* Release */,
			);
			defaultConfigurationIsVisible = 0;
			defaultConfigurationName = Release;
		};
/* End XCConfigurationList section */
	};
	rootObject = 854972D21F1338C100E86E84 /* Project object */;
}
